
Microsoft Visual Studio Solution File, Format Version 12.00
# Visual Studio 15
VisualStudioVersion = 15.0.27428.2037
MinimumVisualStudioVersion = 10.0.40219.1
Project("{FAE04EC0-301F-11D3-BF4B-00C04F79EFBC}") = "es-l3-cms", "es-l3-cms\es-l3-cms.csproj", "{DFC7B21D-86CC-4DAC-929A-812559AC0993}"
EndProject
Global
	GlobalSection(SolutionConfigurationPlatforms) = preSolution
		Debug|Any CPU = Debug|Any CPU
		Release|Any CPU = Release|Any CPU
	EndGlobalSection
	GlobalSection(ProjectConfigurationPlatforms) = postSolution
		{DFC7B21D-86CC-4DAC-929A-812559AC0993}.Debug|Any CPU.ActiveCfg = Debug|Any CPU
		{DFC7B21D-86CC-4DAC-929A-812559AC0993}.Debug|Any CPU.Build.0 = Debug|Any CPU
		{DFC7B21D-86CC-4DAC-929A-812559AC0993}.Release|Any CPU.ActiveCfg = Release|Any CPU
		{DFC7B21D-86CC-4DAC-929A-812559AC0993}.Release|Any CPU.Build.0 = Release|Any CPU
	EndGlobalSection
	GlobalSection(SolutionProperties) = preSolution
		HideSolutionNode = FALSE
	EndGlobalSection
	GlobalSection(ExtensibilityGlobals) = postSolution
		SolutionGuid = {708DD728-401E-45E3-A61A-34890F8D8144}
	EndGlobalSection
EndGlobal
